{
    "_meta": {
        "hash": {
            "sha256": "1a017db679082f5fef497f55b6e775f721bbbdc4c8e2c41ec5f00230bcafb154"
        },
        "pipfile-spec": 6,
        "requires": {
            "python_version": "3.4"
        },
        "sources": [
            {
                "name": "pypi",
                "url": "https://pypi.org/simple",
                "verify_ssl": true
            }
        ]
    },
    "default": {
        "appdirs": {
            "hashes": [
                "sha256:9e5896d1372858f8dd3344faf4e5014d21849c756c8d5701f78f8a103b372d92",
                "sha256:d8b24664561d0d34ddfaec54636d502d7cea6e29c3eaf68f3df6180863e2166e"
            ],
            "index": "pypi",
            "version": "==1.4.3"
        },
        "attrs": {
            "hashes": [
                "sha256:69c0dbf2ed392de1cb5ec704444b08a5ef81680a61cb899dc08127123af36a79",
                "sha256:f0b870f674851ecbfbbbd364d6b5cbdff9dcedbc7f3f5e18a6891057f21fe399"
            ],
            "index": "pypi",
            "version": "==19.1.0"
        },
        "cached-property": {
            "hashes": [
                "sha256:3a026f1a54135677e7da5ce819b0c690f156f37976f3e30c5430740725203d7f",
                "sha256:9217a59f14a5682da7c4b8829deadbfc194ac22e9908ccf7c8820234e80a1504"
            ],
            "index": "pypi",
            "version": "==1.5.1"
        },
        "certifi": {
            "hashes": [
                "sha256:47f9c83ef4c0c621eaef743f133f09fa8a74a9b75f037e8624f83bd1b6626cb7",
                "sha256:993f830721089fef441cdfeb4b2c8c9df86f0c63239f06bd025a76a7daddb033"
            ],
            "index": "pypi",
            "version": "==2018.11.29"
        },
        "chardet": {
            "hashes": [
                "sha256:84ab92ed1c4d4f16916e05906b6b75a6c0fb5db821cc65e70cbd64a3e2a5eaae",
                "sha256:fc323ffcaeaed0e0a02bf4d117757b98aed530d9ed4531e3e15460124c106691"
            ],
            "index": "pypi",
            "version": "==3.0.4"
        },
        "colorama": {
            "hashes": [
                "sha256:463f8483208e921368c9f306094eb6f725c6ca42b0f97e313cb5d5512459feda",
                "sha256:48eb22f4f8461b1df5734a074b57042430fb06e1d61bd1e11b078c0fe6d7a1f1"
            ],
            "index": "pypi",
            "version": "==0.3.9"
        },
        "cursor": {
            "hashes": [
                "sha256:8ee9fe5b925e1001f6ae6c017e93682583d2b4d1ef7130a26cfcdf1651c0032c"
            ],
            "index": "pypi",
            "version": "==1.2.0"
        },
        "cx-oracle": {
            "hashes": [
                "sha256:08c4d23b3f7aea165cfbc2595e00706c373e737530cd82e57fc9abcb10d2be20",
                "sha256:24b174c4bf603d2a4931f0d61947eee7a5cdb322985c9c5bce6cb8994852b0c0",
                "sha256:4c26103bc3b39ea690e65628e2ee59455703beba988896c6a173d2dd027f3da2",
                "sha256:648741b3d8d8a08beea0bdb394fccaee6f8d4778fc7b074d64955ee2eb9b0fda",
                "sha256:7163a65086638f97da1c4383b2772fab4d603332f9be1f3ae7516094337b8632",
                "sha256:84010f450e65b757aa86e21d19075a27b86e692dd4309ffebefd374c3d72ab9d",
                "sha256:92ffde06bef22afd0ed09cf3c9549c7a30c838027d721392c908a25369c6440c",
                "sha256:ad9ff18482953e915bbd5847ab65920bb484c49e21c9d21681edbb9fa6c00873",
                "sha256:bdbf60686571e24ef23f0280cc9a12b1f44834bd3ac1e90387373bfcd4f88b72",
                "sha256:bfe3c8881859cd1428ae894102431ed69fad353e5290ab07a6a770e766b1f623",
                "sha256:d0779a32ba62fb958731de8a44557fa4411030e18227e24238c301931034b161",
                "sha256:da43017f846b164622acdbccd1d985e8f436700509aef7768cb071fe6892f9a5",
                "sha256:e5206f3f55a3a4f9ce6ad8f7ea3b146ab0b36a17bda7d9fdc2f79144f79ab946",
                "sha256:f0cbb7d00a3d43bcc008cb83f21221f1c21fe0874f6a6e6f84ce0efa1ceb193d"
            ],
            "index": "pypi",
            "version": "==6.0"
        },
        "defusedxml": {
            "hashes": [
                "sha256:24d7f2f94f7f3cb6061acb215685e5125fbcdc40a857eff9de22518820b0a4f4",
                "sha256:702a91ade2968a82beb0db1e0766a6a273f33d4616a6ce8cde475d8e09853b20"
            ],
            "index": "pypi",
            "version": "==0.5.0"
        },
        "enum34": {
            "hashes": [
                "sha256:2d81cbbe0e73112bdfe6ef8576f2238f2ba27dd0d55752a776c41d38b7da2850",
                "sha256:644837f692e5f550741432dd3f223bbb9852018674981b1664e5dc339387588a",
                "sha256:6bd0f6ad48ec2aa117d3d141940d484deccda84d4fcd884f5c3d93c23ecd8c79",
                "sha256:8ad8c4783bf61ded74527bffb48ed9b54166685e4230386a9ed9b1279e2df5b1"
            ],
            "index": "pypi",
            "version": "==1.1.6"
        },
        "et-xmlfile": {
            "hashes": [
                "sha256:614d9722d572f6246302c4491846d2c393c199cfa4edc9af593437691683335b"
            ],
            "index": "pypi",
            "version": "==1.0.1"
        },
        "halo": {
            "hashes": [
                "sha256:3e5b9fa098cfe331bc324674b44b6b03af181ef9518c092e6405a4eda6f9d59d",
                "sha256:a74d3f69b79d643bafd459527e569cb710a12de97b14f3f4a6edf8fae70888b7"
            ],
            "index": "pypi",
            "version": "==0.0.23"
        },
        "idna": {
            "hashes": [
                "sha256:c357b3f628cf53ae2c4c05627ecc484553142ca23264e593d327bcde5e9c3407",
                "sha256:ea8b7f6188e6fa117537c3df7da9fc686d485087abf6ac197f9c46432f7e4a3c"
            ],
            "index": "pypi",
            "version": "==2.8"
        },
        "isodate": {
            "hashes": [
                "sha256:2e364a3d5759479cdb2d37cce6b9376ea504db2ff90252a2e5b7cc89cc9ff2d8",
                "sha256:aa4d33c06640f5352aca96e4b81afd8ab3b47337cc12089822d6f322ac772c81"
            ],
            "index": "pypi",
            "version": "==0.6.0"
        },
        "jdcal": {
            "hashes": [
                "sha256:948fb8d079e63b4be7a69dd5f0cd618a0a57e80753de8248fd786a8a20658a07",
                "sha256:ea0a5067c5f0f50ad4c7bdc80abad3d976604f6fb026b0b3a17a9d84bb9046c9"
            ],
            "index": "pypi",
            "version": "==1.4"
        },
        "log-symbols": {
            "hashes": [
                "sha256:722cb7570c1a15ba4981cdaf8ca391ed686967c7de64ec5ed7b1376f0a51821e"
            ],
            "index": "pypi",
            "version": "==0.0.12"
        },
        "lxml": {
            "hashes": [
                "sha256:0358b9e9642bc7d39aac5cffe9884a99a5ca68e5e2c1b89e570ed60da9139908",
                "sha256:091a359c4dafebbecd3959d9013f1b896b5371859165e4e50b01607a98d9e3e2",
                "sha256:1998e4e60603c64bcc35af61b4331ab3af087457900d3980e18d190e17c3a697",
                "sha256:2000b4088dee9a41f459fddaf6609bba48a435ce6374bb254c5ccdaa8928c5ba",
                "sha256:2afb0064780d8aaf165875be5898c1866766e56175714fa5f9d055433e92d41d",
                "sha256:2d8f1d9334a4e3ff176d096c14ded3100547d73440683567d85b8842a53180bb",
                "sha256:2e38db22f6a3199fd63675e1b4bd795d676d906869047398f29f38ca55cb453a",
                "sha256:3181f84649c1a1ca62b19ddf28436b1b2cb05ae6c7d2628f33872e713994c364",
                "sha256:37462170dfd88af8431d04de6b236e6e9c06cda71e2ca26d88ef2332fd2a5237",
                "sha256:3a9d8521c89bf6f2a929c3d12ad3ad7392c774c327ea809fd08a13be6b3bc05f",
                "sha256:3d0bbd2e1a28b4429f24fd63a122a450ce9edb7a8063d070790092d7343a1aa4",
                "sha256:483d60585ce3ee71929cea70949059f83850fa5e12deb9c094ed1c8c2ec73cbd",
                "sha256:4888be27d5cba55ce94209baef5bcd7bbd7314a3d17021a5fc10000b3a5f737d",
                "sha256:64b0d62e4209170a2a0c404c446ab83b941a0003e96604d2e4f4cb735f8a2254",
                "sha256:68010900898fdf139ac08549c4dba8206c584070a960ffc530aebf0c6f2794ef",
                "sha256:872ecb066de602a0099db98bd9e57f4cfc1d62f6093d94460c787737aa08f39e",
                "sha256:88a32b03f2e4cd0e63f154cac76724709f40b3fc2f30139eb5d6f900521b44ed",
                "sha256:b1dc7683da4e67ab2bebf266afa68098d681ae02ce570f0d1117312273d2b2ac",
                "sha256:b29e27ce9371810250cb1528a771d047a9c7b0f79630dc7dc5815ff828f4273b",
                "sha256:ce197559596370d985f1ce6b7051b52126849d8159040293bf8b98cb2b3e1f78",
                "sha256:d45cf6daaf22584eff2175f48f82c4aa24d8e72a44913c5aff801819bb73d11f",
                "sha256:e2ff9496322b2ce947ba4a7a5eb048158de9d6f3fe9efce29f1e8dd6878561e6",
                "sha256:f7b979518ec1f294a41a707c007d54d0f3b3e1fd15d5b26b7e99b62b10d9a72e",
                "sha256:f9c7268e9d16e34e50f8246c4f24cf7353764affd2bc971f0379514c246e3f6b",
                "sha256:f9c839806089d79de588ee1dde2dae05dc1156d3355dfeb2b51fde84d9c960ad",
                "sha256:ff962953e2389226adc4d355e34a98b0b800984399153c6678f2367b11b4d4b8"
            ],
            "index": "pypi",
            "version": "==4.3.2"
        },
        "openpyxl": {
            "hashes": [
                "sha256:a5285901fff7b99a011462f18506a4fbfe4055191149ff42f59345828f8cf7b2"
            ],
            "index": "pypi",
            "version": "==2.5.14"
        },
        "pyodbc": {
            "hashes": [
                "sha256:0e89294da8bd1d1dd37799d07ee9c4ecfea821a9a6e6f51566a0efef5cff0495",
                "sha256:19c2132f7a1c573eae1b5ea8915143243b2b557ea2fae551d833ecbac79b2c6e",
                "sha256:2c673a6d3247c1e2a636d18f3e02742381778c4194da5e583f03dc3ea050598a",
                "sha256:3d00077859d214915c089624c459ec05b823ffc89071657eec109389909b19d3",
                "sha256:44430048ede2b47cb2b1d45f9d6d00d2575752942160f8c75a2a588ae3602e66",
                "sha256:59623016dd429ea2e258a8d4d08b661ae497aeb6ea24e14cb67af3bf3d263ce3",
                "sha256:9d5549c49846a40a0f6e1cd9fd2ab147d4c77452ce74452a103e2c244e38a441",
                "sha256:a229ae7b487a123e2a1d09ad529ce3a7857957c87679246e87874697cad5d9ed",
                "sha256:a3f82f853ae71f5a2be7cdd29e51d197984147d3682fb326eff3e44ea03d617b",
                "sha256:b5e46d768ab7a4ac7621ba1499678e77d2bf143222c60a9c4c3c8f8e7a0c7ef6",
                "sha256:c0747d54c066acf79a4e042906f558a27755939f673479ce4dcd88cb9bab09c9",
                "sha256:d10754f5534dffd04f5ebb2fc321ac59ee6d2f3ddfeb161701094f4e2df63a7e",
                "sha256:e455a58b807ed9c4c7ea3f712bf0ad04a3400baf93a14b016e81219a0eb0831b",
                "sha256:e52700b5d24a846483b5ab80acd9153f8e593999c9184ffea11596288fb33de3",
                "sha256:f1abc331975f1a2131d235f87a683b55c7d55a198fcf5fae02267a26d849e323",
                "sha256:fc661323bd8339759fafb2081e9d20b576c988994f9f8b3dd936f5bc8b974dd8"
            ],
            "index": "pypi",
            "version": "==4.0.26"
        },
        "pytz": {
            "hashes": [
                "sha256:32b0891edff07e28efe91284ed9c31e123d84bea3fd98e1f72be2508f43ef8d9",
                "sha256:d5f05e487007e29e03409f9398d074e158d920d36eb82eaf66fb1136b0c5374c"
            ],
            "index": "pypi",
            "version": "==2018.9"
        },
        "requests": {
            "hashes": [
                "sha256:502a824f31acdacb3a35b6690b5fbf0bc41d63a24a45c4004352b0242707598e",
                "sha256:7bf2a778576d825600030a110f3c0e3e8edc51dfaafe1c146e39a2027784957b"
            ],
            "index": "pypi",
            "version": "==2.21.0"
        },
        "requests-toolbelt": {
            "hashes": [
                "sha256:380606e1d10dc85c3bd47bf5a6095f815ec007be7a8b69c878507068df059e6f",
                "sha256:968089d4584ad4ad7c171454f0a5c6dac23971e9472521ea3b6d49d610aa6fc0"
            ],
            "index": "pypi",
            "version": "==0.9.1"
        },
        "six": {
            "hashes": [
                "sha256:70e8a77beed4562e7f14fe23a786b54f6296e34344c23bc42f07b15018ff98e9",
                "sha256:832dc0e10feb1aa2c68dcc57dbb658f1c7e65b9b61af69048abc87a2db00a0eb"
            ],
            "index": "pypi",
            "version": "==1.11.0"
        },
        "spinners": {
            "hashes": [
                "sha256:f396fea1ee00c0622988d7d2bf2895d26dd6f70850ca2ce94eaca52ca4873560"
            ],
            "index": "pypi",
            "version": "==0.0.23"
        },
        "termcolor": {
            "hashes": [
                "sha256:1d6d69ce66211143803fbc56652b41d73b4a400a2891d7bf7a1cdf4c02de613b"
            ],
            "index": "pypi",
            "version": "==1.1.0"
        },
        "urllib3": {
            "hashes": [
                "sha256:61bf29cada3fc2fbefad4fdf059ea4bd1b4a86d2b6d15e1c7c0b582b9752fe39",
                "sha256:de9529817c93f27c8ccbfead6985011db27bd0ddfcdb2d86f3f663385c6a9c22"
            ],
            "index": "pypi",
            "version": "==1.24.1"
        },
        "zeep": {
            "hashes": [
                "sha256:c8a2f12228b18c5db1feec0814907048d3c77eb6bbed419d567fe87fd9f0e530",
                "sha256:e5feb8b261c7e271e20c191bd346d80705d53b90af3c1e6f214aa108876fd72d"
            ],
            "index": "pypi",
            "version": "==3.2.0"
        }
    },
    "develop": {}
}
