{
    "_meta": {
        "hash": {
            "sha256": "aab60296b90c94d814a6da68fad3250b2c7f603993da501301a276ce7e5e93c4"
        },
        "pipfile-spec": 6,
        "requires": {
            "python_version": "3.4"
        },
        "sources": [
            {
                "name": "pypi",
                "url": "https://pypi.org/simple",
                "verify_ssl": true
            }
        ]
    },
    "default": {
        "cx-oracle": {
            "hashes": [
                "sha256:047b57ce5ade5f3256b0e1e29b7166cc3a30b65f51dc1b01dbee995e4f1339b6",
                "sha256:20b56a85e656c054db602884dcf25ad006c98d6505be5507e401f31d88bf3380",
                "sha256:3a427ffecd90b64e222c87a25b819578ad5d5ce0d56318052e70c2cf83ad0ae6",
                "sha256:456e72d55d56c666d1b0bdc2290615ab0df8b553f30990725daf56319114f15e",
                "sha256:47d36c23af826de46a474798baabc14c765e02ca82d34cfcc00689025b3e7705",
                "sha256:679966afdf295448936adb58d80d69a2cc293b3ea04020e9fde2d8d8ae304725",
                "sha256:80545fc7acbdda917dd2b1604c938141256bdfed3ad464a44586c9c2f09c3004",
                "sha256:8a7ad6456909248441b8eff2e2ea810616ebb5ae27d16bf8f57fc37d1879b194",
                "sha256:a0d196c592d9c409733d8b44717f5d8434ca6017107d2d9cdb99edc4ca0889cc",
                "sha256:b88b014a9eb40596ec1c060c8753e0aadda9b4d7b1d9603de5e270b969d5383f",
                "sha256:df2cf915f982e22add641eeb13273f3be46daca8bbac803e96a04b39576ec3ac",
                "sha256:f0263e087a9ccfe2ae73cc0c151b9191f2c62bd4f86094a588f8df538d6a6c9f",
                "sha256:f163f40c4da6be5bb985b2742db61d3a0310c5d7667ff19ef2cb7ff78cb34da9",
                "sha256:fecfcf630c831327c4cdff24dac59376771c816230de1a494aebb60cd537692c"
            ],
            "index": "pypi",
            "version": "==6.1"
        },
        "et-xmlfile": {
            "hashes": [
                "sha256:614d9722d572f6246302c4491846d2c393c199cfa4edc9af593437691683335b"
            ],
            "version": "==1.0.1"
        },
        "jdcal": {
            "hashes": [
                "sha256:948fb8d079e63b4be7a69dd5f0cd618a0a57e80753de8248fd786a8a20658a07",
                "sha256:ea0a5067c5f0f50ad4c7bdc80abad3d976604f6fb026b0b3a17a9d84bb9046c9"
            ],
            "version": "==1.4"
        },
        "openpyxl": {
            "hashes": [
                "sha256:a5285901fff7b99a011462f18506a4fbfe4055191149ff42f59345828f8cf7b2"
            ],
            "index": "pypi",
            "version": "==2.5.14"
        }
    },
    "develop": {}
}
